
Microsoft Visual Studio Solution File, Format Version 12.00
# Visual Studio Version 17
VisualStudioVersion = 17.0.31903.59
MinimumVisualStudioVersion = 10.0.40219.1
Project("{2150E333-8FDC-42A3-9474-1A3956D46DE8}") = "tests", "tests", "{3B3E4761-4652-4E79-89B5-787F32756891}"
EndProject
Project("{2150E333-8FDC-42A3-9474-1A3956D46DE8}") = "src", "src", "{C4B8B1B0-5C09-4BC7-8CEB-0D46537C2AF9}"
EndProject
Project("{FAE04EC0-301F-11D3-BF4B-00C04F79EFBC}") = "FileManager.App", "src\FileManager.App\FileManager.App.csproj", "{39C7A212-1093-4917-B18E-65D850AF24A7}"
EndProject
Project("{FAE04EC0-301F-11D3-BF4B-00C04F79EFBC}") = "FileManager.Core", "src\FileManager.Core\FileManager.Core.csproj", "{015604CD-F0F1-444A-9EC2-7897258446B2}"
EndProject
Project("{FAE04EC0-301F-11D3-BF4B-00C04F79EFBC}") = "FileManager.Data", "src\FileManager.Data\FileManager.Data.csproj", "{6E5BDED6-E841-4B84-858F-33B3B65B5130}"
EndProject
Project("{FAE04EC0-301F-11D3-BF4B-00C04F79EFBC}") = "FileManager.Models", "src\FileManager.Models\FileManager.Models.csproj", "{3113FED6-920E-41C3-A923-9EF493F15E11}"
EndProject
Project("{FAE04EC0-301F-11D3-BF4B-00C04F79EFBC}") = "FileManager.Services", "src\FileManager.Services\FileManager.Services.csproj", "{C111ED0F-316E-43A4-AB05-37492CA46FC0}"
EndProject
Project("{FAE04EC0-301F-11D3-BF4B-00C04F79EFBC}") = "FileManager.Common", "src\FileManager.Common\FileManager.Common.csproj", "{43AC8569-F860-40A8-9C7F-2431485411B7}"
EndProject
Project("{FAE04EC0-301F-11D3-BF4B-00C04F79EFBC}") = "FileManager.Common.Tests", "tests\FileManager.Common.Tests\FileManager.Common.Tests.csproj", "{043F9327-9DAB-4CD1-B24F-D569FEB232E2}"
EndProject
Project("{FAE04EC0-301F-11D3-BF4B-00C04F79EFBC}") = "FileManager.Core.Tests", "tests\FileManager.Core.Tests\FileManager.Core.Tests.csproj", "{36AF484B-7557-4493-B3C4-89DE76F2DE49}"
EndProject
Project("{FAE04EC0-301F-11D3-BF4B-00C04F79EFBC}") = "FileManager.Data.Tests", "tests\FileManager.Data.Tests\FileManager.Data.Tests.csproj", "{5C9F367A-D472-4EC4-89FA-6CF0E7AC1638}"
EndProject
Project("{FAE04EC0-301F-11D3-BF4B-00C04F79EFBC}") = "FileManager.Models.Tests", "tests\FileManager.Models.Tests\FileManager.Models.Tests.csproj", "{2E383736-A1E9-4E34-B4E5-BC05E2230527}"
EndProject
Project("{FAE04EC0-301F-11D3-BF4B-00C04F79EFBC}") = "FileManager.Services.Tests", "tests\FileManager.Services.Tests\FileManager.Services.Tests.csproj", "{77D8E749-85B0-44BC-83A2-F1813AEB9300}"
EndProject
Global
	GlobalSection(SolutionConfigurationPlatforms) = preSolution
		Debug|Any CPU = Debug|Any CPU
		Debug|x64 = Debug|x64
		Debug|x86 = Debug|x86
		Release|Any CPU = Release|Any CPU
		Release|x64 = Release|x64
		Release|x86 = Release|x86
	EndGlobalSection
	GlobalSection(ProjectConfigurationPlatforms) = postSolution
		{39C7A212-1093-4917-B18E-65D850AF24A7}.Debug|Any CPU.ActiveCfg = Debug|Any CPU
		{39C7A212-1093-4917-B18E-65D850AF24A7}.Debug|Any CPU.Build.0 = Debug|Any CPU
		{39C7A212-1093-4917-B18E-65D850AF24A7}.Debug|x64.ActiveCfg = Debug|Any CPU
		{39C7A212-1093-4917-B18E-65D850AF24A7}.Debug|x64.Build.0 = Debug|Any CPU
		{39C7A212-1093-4917-B18E-65D850AF24A7}.Debug|x86.ActiveCfg = Debug|Any CPU
		{39C7A212-1093-4917-B18E-65D850AF24A7}.Debug|x86.Build.0 = Debug|Any CPU
		{39C7A212-1093-4917-B18E-65D850AF24A7}.Release|Any CPU.ActiveCfg = Release|Any CPU
		{39C7A212-1093-4917-B18E-65D850AF24A7}.Release|Any CPU.Build.0 = Release|Any CPU
		{39C7A212-1093-4917-B18E-65D850AF24A7}.Release|x64.ActiveCfg = Release|Any CPU
		{39C7A212-1093-4917-B18E-65D850AF24A7}.Release|x64.Build.0 = Release|Any CPU
		{39C7A212-1093-4917-B18E-65D850AF24A7}.Release|x86.ActiveCfg = Release|Any CPU
		{39C7A212-1093-4917-B18E-65D850AF24A7}.Release|x86.Build.0 = Release|Any CPU
		{015604CD-F0F1-444A-9EC2-7897258446B2}.Debug|Any CPU.ActiveCfg = Debug|Any CPU
		{015604CD-F0F1-444A-9EC2-7897258446B2}.Debug|Any CPU.Build.0 = Debug|Any CPU
		{015604CD-F0F1-444A-9EC2-7897258446B2}.Debug|x64.ActiveCfg = Debug|Any CPU
		{015604CD-F0F1-444A-9EC2-7897258446B2}.Debug|x64.Build.0 = Debug|Any CPU
		{015604CD-F0F1-444A-9EC2-7897258446B2}.Debug|x86.ActiveCfg = Debug|Any CPU
		{015604CD-F0F1-444A-9EC2-7897258446B2}.Debug|x86.Build.0 = Debug|Any CPU
		{015604CD-F0F1-444A-9EC2-7897258446B2}.Release|Any CPU.ActiveCfg = Release|Any CPU
		{015604CD-F0F1-444A-9EC2-7897258446B2}.Release|Any CPU.Build.0 = Release|Any CPU
		{015604CD-F0F1-444A-9EC2-7897258446B2}.Release|x64.ActiveCfg = Release|Any CPU
		{015604CD-F0F1-444A-9EC2-7897258446B2}.Release|x64.Build.0 = Release|Any CPU
		{015604CD-F0F1-444A-9EC2-7897258446B2}.Release|x86.ActiveCfg = Release|Any CPU
		{015604CD-F0F1-444A-9EC2-7897258446B2}.Release|x86.Build.0 = Release|Any CPU
		{6E5BDED6-E841-4B84-858F-33B3B65B5130}.Debug|Any CPU.ActiveCfg = Debug|Any CPU
		{6E5BDED6-E841-4B84-858F-33B3B65B5130}.Debug|Any CPU.Build.0 = Debug|Any CPU
		{6E5BDED6-E841-4B84-858F-33B3B65B5130}.Debug|x64.ActiveCfg = Debug|Any CPU
		{6E5BDED6-E841-4B84-858F-33B3B65B5130}.Debug|x64.Build.0 = Debug|Any CPU
		{6E5BDED6-E841-4B84-858F-33B3B65B5130}.Debug|x86.ActiveCfg = Debug|Any CPU
		{6E5BDED6-E841-4B84-858F-33B3B65B5130}.Debug|x86.Build.0 = Debug|Any CPU
		{6E5BDED6-E841-4B84-858F-33B3B65B5130}.Release|Any CPU.ActiveCfg = Release|Any CPU
		{6E5BDED6-E841-4B84-858F-33B3B65B5130}.Release|Any CPU.Build.0 = Release|Any CPU
		{6E5BDED6-E841-4B84-858F-33B3B65B5130}.Release|x64.ActiveCfg = Release|Any CPU
		{6E5BDED6-E841-4B84-858F-33B3B65B5130}.Release|x64.Build.0 = Release|Any CPU
		{6E5BDED6-E841-4B84-858F-33B3B65B5130}.Release|x86.ActiveCfg = Release|Any CPU
		{6E5BDED6-E841-4B84-858F-33B3B65B5130}.Release|x86.Build.0 = Release|Any CPU
		{3113FED6-920E-41C3-A923-9EF493F15E11}.Debug|Any CPU.ActiveCfg = Debug|Any CPU
		{3113FED6-920E-41C3-A923-9EF493F15E11}.Debug|Any CPU.Build.0 = Debug|Any CPU
		{3113FED6-920E-41C3-A923-9EF493F15E11}.Debug|x64.ActiveCfg = Debug|Any CPU
		{3113FED6-920E-41C3-A923-9EF493F15E11}.Debug|x64.Build.0 = Debug|Any CPU
		{3113FED6-920E-41C3-A923-9EF493F15E11}.Debug|x86.ActiveCfg = Debug|Any CPU
		{3113FED6-920E-41C3-A923-9EF493F15E11}.Debug|x86.Build.0 = Debug|Any CPU
		{3113FED6-920E-41C3-A923-9EF493F15E11}.Release|Any CPU.ActiveCfg = Release|Any CPU
		{3113FED6-920E-41C3-A923-9EF493F15E11}.Release|Any CPU.Build.0 = Release|Any CPU
		{3113FED6-920E-41C3-A923-9EF493F15E11}.Release|x64.ActiveCfg = Release|Any CPU
		{3113FED6-920E-41C3-A923-9EF493F15E11}.Release|x64.Build.0 = Release|Any CPU
		{3113FED6-920E-41C3-A923-9EF493F15E11}.Release|x86.ActiveCfg = Release|Any CPU
		{3113FED6-920E-41C3-A923-9EF493F15E11}.Release|x86.Build.0 = Release|Any CPU
		{C111ED0F-316E-43A4-AB05-37492CA46FC0}.Debug|Any CPU.ActiveCfg = Debug|Any CPU
		{C111ED0F-316E-43A4-AB05-37492CA46FC0}.Debug|Any CPU.Build.0 = Debug|Any CPU
		{C111ED0F-316E-43A4-AB05-37492CA46FC0}.Debug|x64.ActiveCfg = Debug|Any CPU
		{C111ED0F-316E-43A4-AB05-37492CA46FC0}.Debug|x64.Build.0 = Debug|Any CPU
		{C111ED0F-316E-43A4-AB05-37492CA46FC0}.Debug|x86.ActiveCfg = Debug|Any CPU
		{C111ED0F-316E-43A4-AB05-37492CA46FC0}.Debug|x86.Build.0 = Debug|Any CPU
		{C111ED0F-316E-43A4-AB05-37492CA46FC0}.Release|Any CPU.ActiveCfg = Release|Any CPU
		{C111ED0F-316E-43A4-AB05-37492CA46FC0}.Release|Any CPU.Build.0 = Release|Any CPU
		{C111ED0F-316E-43A4-AB05-37492CA46FC0}.Release|x64.ActiveCfg = Release|Any CPU
		{C111ED0F-316E-43A4-AB05-37492CA46FC0}.Release|x64.Build.0 = Release|Any CPU
		{C111ED0F-316E-43A4-AB05-37492CA46FC0}.Release|x86.ActiveCfg = Release|Any CPU
		{C111ED0F-316E-43A4-AB05-37492CA46FC0}.Release|x86.Build.0 = Release|Any CPU
		{43AC8569-F860-40A8-9C7F-2431485411B7}.Debug|Any CPU.ActiveCfg = Debug|Any CPU
		{43AC8569-F860-40A8-9C7F-2431485411B7}.Debug|Any CPU.Build.0 = Debug|Any CPU
		{43AC8569-F860-40A8-9C7F-2431485411B7}.Debug|x64.ActiveCfg = Debug|Any CPU
		{43AC8569-F860-40A8-9C7F-2431485411B7}.Debug|x64.Build.0 = Debug|Any CPU
		{43AC8569-F860-40A8-9C7F-2431485411B7}.Debug|x86.ActiveCfg = Debug|Any CPU
		{43AC8569-F860-40A8-9C7F-2431485411B7}.Debug|x86.Build.0 = Debug|Any CPU
		{43AC8569-F860-40A8-9C7F-2431485411B7}.Release|Any CPU.ActiveCfg = Release|Any CPU
		{43AC8569-F860-40A8-9C7F-2431485411B7}.Release|Any CPU.Build.0 = Release|Any CPU
		{43AC8569-F860-40A8-9C7F-2431485411B7}.Release|x64.ActiveCfg = Release|Any CPU
		{43AC8569-F860-40A8-9C7F-2431485411B7}.Release|x64.Build.0 = Release|Any CPU
		{43AC8569-F860-40A8-9C7F-2431485411B7}.Release|x86.ActiveCfg = Release|Any CPU
		{43AC8569-F860-40A8-9C7F-2431485411B7}.Release|x86.Build.0 = Release|Any CPU
		{043F9327-9DAB-4CD1-B24F-D569FEB232E2}.Debug|Any CPU.ActiveCfg = Debug|Any CPU
		{043F9327-9DAB-4CD1-B24F-D569FEB232E2}.Debug|Any CPU.Build.0 = Debug|Any CPU
		{043F9327-9DAB-4CD1-B24F-D569FEB232E2}.Debug|x64.ActiveCfg = Debug|Any CPU
		{043F9327-9DAB-4CD1-B24F-D569FEB232E2}.Debug|x64.Build.0 = Debug|Any CPU
		{043F9327-9DAB-4CD1-B24F-D569FEB232E2}.Debug|x86.ActiveCfg = Debug|Any CPU
		{043F9327-9DAB-4CD1-B24F-D569FEB232E2}.Debug|x86.Build.0 = Debug|Any CPU
		{043F9327-9DAB-4CD1-B24F-D569FEB232E2}.Release|Any CPU.ActiveCfg = Release|Any CPU
		{043F9327-9DAB-4CD1-B24F-D569FEB232E2}.Release|Any CPU.Build.0 = Release|Any CPU
		{043F9327-9DAB-4CD1-B24F-D569FEB232E2}.Release|x64.ActiveCfg = Release|Any CPU
		{043F9327-9DAB-4CD1-B24F-D569FEB232E2}.Release|x64.Build.0 = Release|Any CPU
		{043F9327-9DAB-4CD1-B24F-D569FEB232E2}.Release|x86.ActiveCfg = Release|Any CPU
		{043F9327-9DAB-4CD1-B24F-D569FEB232E2}.Release|x86.Build.0 = Release|Any CPU
		{36AF484B-7557-4493-B3C4-89DE76F2DE49}.Debug|Any CPU.ActiveCfg = Debug|Any CPU
		{36AF484B-7557-4493-B3C4-89DE76F2DE49}.Debug|Any CPU.Build.0 = Debug|Any CPU
		{36AF484B-7557-4493-B3C4-89DE76F2DE49}.Debug|x64.ActiveCfg = Debug|Any CPU
		{36AF484B-7557-4493-B3C4-89DE76F2DE49}.Debug|x64.Build.0 = Debug|Any CPU
		{36AF484B-7557-4493-B3C4-89DE76F2DE49}.Debug|x86.ActiveCfg = Debug|Any CPU
		{36AF484B-7557-4493-B3C4-89DE76F2DE49}.Debug|x86.Build.0 = Debug|Any CPU
		{36AF484B-7557-4493-B3C4-89DE76F2DE49}.Release|Any CPU.ActiveCfg = Release|Any CPU
		{36AF484B-7557-4493-B3C4-89DE76F2DE49}.Release|Any CPU.Build.0 = Release|Any CPU
		{36AF484B-7557-4493-B3C4-89DE76F2DE49}.Release|x64.ActiveCfg = Release|Any CPU
		{36AF484B-7557-4493-B3C4-89DE76F2DE49}.Release|x64.Build.0 = Release|Any CPU
		{36AF484B-7557-4493-B3C4-89DE76F2DE49}.Release|x86.ActiveCfg = Release|Any CPU
		{36AF484B-7557-4493-B3C4-89DE76F2DE49}.Release|x86.Build.0 = Release|Any CPU
		{5C9F367A-D472-4EC4-89FA-6CF0E7AC1638}.Debug|Any CPU.ActiveCfg = Debug|Any CPU
		{5C9F367A-D472-4EC4-89FA-6CF0E7AC1638}.Debug|Any CPU.Build.0 = Debug|Any CPU
		{5C9F367A-D472-4EC4-89FA-6CF0E7AC1638}.Debug|x64.ActiveCfg = Debug|Any CPU
		{5C9F367A-D472-4EC4-89FA-6CF0E7AC1638}.Debug|x64.Build.0 = Debug|Any CPU
		{5C9F367A-D472-4EC4-89FA-6CF0E7AC1638}.Debug|x86.ActiveCfg = Debug|Any CPU
		{5C9F367A-D472-4EC4-89FA-6CF0E7AC1638}.Debug|x86.Build.0 = Debug|Any CPU
		{5C9F367A-D472-4EC4-89FA-6CF0E7AC1638}.Release|Any CPU.ActiveCfg = Release|Any CPU
		{5C9F367A-D472-4EC4-89FA-6CF0E7AC1638}.Release|Any CPU.Build.0 = Release|Any CPU
		{5C9F367A-D472-4EC4-89FA-6CF0E7AC1638}.Release|x64.ActiveCfg = Release|Any CPU
		{5C9F367A-D472-4EC4-89FA-6CF0E7AC1638}.Release|x64.Build.0 = Release|Any CPU
		{5C9F367A-D472-4EC4-89FA-6CF0E7AC1638}.Release|x86.ActiveCfg = Release|Any CPU
		{5C9F367A-D472-4EC4-89FA-6CF0E7AC1638}.Release|x86.Build.0 = Release|Any CPU
		{2E383736-A1E9-4E34-B4E5-BC05E2230527}.Debug|Any CPU.ActiveCfg = Debug|Any CPU
		{2E383736-A1E9-4E34-B4E5-BC05E2230527}.Debug|Any CPU.Build.0 = Debug|Any CPU
		{2E383736-A1E9-4E34-B4E5-BC05E2230527}.Debug|x64.ActiveCfg = Debug|Any CPU
		{2E383736-A1E9-4E34-B4E5-BC05E2230527}.Debug|x64.Build.0 = Debug|Any CPU
		{2E383736-A1E9-4E34-B4E5-BC05E2230527}.Debug|x86.ActiveCfg = Debug|Any CPU
		{2E383736-A1E9-4E34-B4E5-BC05E2230527}.Debug|x86.Build.0 = Debug|Any CPU
		{2E383736-A1E9-4E34-B4E5-BC05E2230527}.Release|Any CPU.ActiveCfg = Release|Any CPU
		{2E383736-A1E9-4E34-B4E5-BC05E2230527}.Release|Any CPU.Build.0 = Release|Any CPU
		{2E383736-A1E9-4E34-B4E5-BC05E2230527}.Release|x64.ActiveCfg = Release|Any CPU
		{2E383736-A1E9-4E34-B4E5-BC05E2230527}.Release|x64.Build.0 = Release|Any CPU
		{2E383736-A1E9-4E34-B4E5-BC05E2230527}.Release|x86.ActiveCfg = Release|Any CPU
		{2E383736-A1E9-4E34-B4E5-BC05E2230527}.Release|x86.Build.0 = Release|Any CPU
		{77D8E749-85B0-44BC-83A2-F1813AEB9300}.Debug|Any CPU.ActiveCfg = Debug|Any CPU
		{77D8E749-85B0-44BC-83A2-F1813AEB9300}.Debug|Any CPU.Build.0 = Debug|Any CPU
		{77D8E749-85B0-44BC-83A2-F1813AEB9300}.Debug|x64.ActiveCfg = Debug|Any CPU
		{77D8E749-85B0-44BC-83A2-F1813AEB9300}.Debug|x64.Build.0 = Debug|Any CPU
		{77D8E749-85B0-44BC-83A2-F1813AEB9300}.Debug|x86.ActiveCfg = Debug|Any CPU
		{77D8E749-85B0-44BC-83A2-F1813AEB9300}.Debug|x86.Build.0 = Debug|Any CPU
		{77D8E749-85B0-44BC-83A2-F1813AEB9300}.Release|Any CPU.ActiveCfg = Release|Any CPU
		{77D8E749-85B0-44BC-83A2-F1813AEB9300}.Release|Any CPU.Build.0 = Release|Any CPU
		{77D8E749-85B0-44BC-83A2-F1813AEB9300}.Release|x64.ActiveCfg = Release|Any CPU
		{77D8E749-85B0-44BC-83A2-F1813AEB9300}.Release|x64.Build.0 = Release|Any CPU
		{77D8E749-85B0-44BC-83A2-F1813AEB9300}.Release|x86.ActiveCfg = Release|Any CPU
		{77D8E749-85B0-44BC-83A2-F1813AEB9300}.Release|x86.Build.0 = Release|Any CPU
	EndGlobalSection
	GlobalSection(SolutionProperties) = preSolution
		HideSolutionNode = FALSE
	EndGlobalSection
	GlobalSection(NestedProjects) = preSolution
		{39C7A212-1093-4917-B18E-65D850AF24A7} = {C4B8B1B0-5C09-4BC7-8CEB-0D46537C2AF9}
		{015604CD-F0F1-444A-9EC2-7897258446B2} = {C4B8B1B0-5C09-4BC7-8CEB-0D46537C2AF9}
		{6E5BDED6-E841-4B84-858F-33B3B65B5130} = {C4B8B1B0-5C09-4BC7-8CEB-0D46537C2AF9}
		{3113FED6-920E-41C3-A923-9EF493F15E11} = {C4B8B1B0-5C09-4BC7-8CEB-0D46537C2AF9}
		{C111ED0F-316E-43A4-AB05-37492CA46FC0} = {C4B8B1B0-5C09-4BC7-8CEB-0D46537C2AF9}
		{43AC8569-F860-40A8-9C7F-2431485411B7} = {C4B8B1B0-5C09-4BC7-8CEB-0D46537C2AF9}
		{043F9327-9DAB-4CD1-B24F-D569FEB232E2} = {3B3E4761-4652-4E79-89B5-787F32756891}
		{36AF484B-7557-4493-B3C4-89DE76F2DE49} = {3B3E4761-4652-4E79-89B5-787F32756891}
		{5C9F367A-D472-4EC4-89FA-6CF0E7AC1638} = {3B3E4761-4652-4E79-89B5-787F32756891}
		{2E383736-A1E9-4E34-B4E5-BC05E2230527} = {3B3E4761-4652-4E79-89B5-787F32756891}
		{77D8E749-85B0-44BC-83A2-F1813AEB9300} = {3B3E4761-4652-4E79-89B5-787F32756891}
	EndGlobalSection
EndGlobal
